
Microsoft Visual Studio Solution File, Format Version 12.00
# Visual Studio Version 17
VisualStudioVersion = 17.8.34525.116
MinimumVisualStudioVersion = 10.0.40219.1
Project("{9A19103F-16F7-4668-BE54-9A1E7A4F7556}") = "Ank16ProductApplication.DAL", "Ank16ProductApplication.DAL\Ank16ProductApplication.DAL.csproj", "{40DD0601-F7C7-45D0-A37B-1BA8675BFA89}"
EndProject
Project("{9A19103F-16F7-4668-BE54-9A1E7A4F7556}") = "Ank16ProductApplication.BL", "Ank16ProductApplication.BL\Ank16ProductApplication.BL.csproj", "{77DB312B-27BC-41EF-92F7-2FE297D7E1BE}"
EndProject
Project("{FAE04EC0-301F-11D3-BF4B-00C04F79EFBC}") = "Ank16ProductApplication.UI", "Ank16ProductApplication.UI\Ank16ProductApplication.UI.csproj", "{08976EF3-9BC7-4E0E-A3F9-E94FA3712748}"
EndProject
Global
	GlobalSection(SolutionConfigurationPlatforms) = preSolution
		Debug|Any CPU = Debug|Any CPU
		Release|Any CPU = Release|Any CPU
	EndGlobalSection
	GlobalSection(ProjectConfigurationPlatforms) = postSolution
		{40DD0601-F7C7-45D0-A37B-1BA8675BFA89}.Debug|Any CPU.ActiveCfg = Debug|Any CPU
		{40DD0601-F7C7-45D0-A37B-1BA8675BFA89}.Debug|Any CPU.Build.0 = Debug|Any CPU
		{40DD0601-F7C7-45D0-A37B-1BA8675BFA89}.Release|Any CPU.ActiveCfg = Release|Any CPU
		{40DD0601-F7C7-45D0-A37B-1BA8675BFA89}.Release|Any CPU.Build.0 = Release|Any CPU
		{77DB312B-27BC-41EF-92F7-2FE297D7E1BE}.Debug|Any CPU.ActiveCfg = Debug|Any CPU
		{77DB312B-27BC-41EF-92F7-2FE297D7E1BE}.Debug|Any CPU.Build.0 = Debug|Any CPU
		{77DB312B-27BC-41EF-92F7-2FE297D7E1BE}.Release|Any CPU.ActiveCfg = Release|Any CPU
		{77DB312B-27BC-41EF-92F7-2FE297D7E1BE}.Release|Any CPU.Build.0 = Release|Any CPU
		{08976EF3-9BC7-4E0E-A3F9-E94FA3712748}.Debug|Any CPU.ActiveCfg = Debug|Any CPU
		{08976EF3-9BC7-4E0E-A3F9-E94FA3712748}.Debug|Any CPU.Build.0 = Debug|Any CPU
		{08976EF3-9BC7-4E0E-A3F9-E94FA3712748}.Release|Any CPU.ActiveCfg = Release|Any CPU
		{08976EF3-9BC7-4E0E-A3F9-E94FA3712748}.Release|Any CPU.Build.0 = Release|Any CPU
	EndGlobalSection
	GlobalSection(SolutionProperties) = preSolution
		HideSolutionNode = FALSE
	EndGlobalSection
	GlobalSection(ExtensibilityGlobals) = postSolution
		SolutionGuid = {8DE23152-6627-48A5-9864-F309E4E848D5}
	EndGlobalSection
EndGlobal
